
Microsoft Visual Studio Solution File, Format Version 12.00
# Visual Studio 15
VisualStudioVersion = 15.0.28010.2050
MinimumVisualStudioVersion = 10.0.40219.1
Project("{FAE04EC0-301F-11D3-BF4B-00C04F79EFBC}") = "PathGrad(Console)", "PathGrad(Console)\PathGrad(Console).csproj", "{1808D602-3D18-46E0-B943-1B7E8718791B}"
EndProject
Global
	GlobalSection(SolutionConfigurationPlatforms) = preSolution
		Debug|Any CPU = Debug|Any CPU
		Release|Any CPU = Release|Any CPU
	EndGlobalSection
	GlobalSection(ProjectConfigurationPlatforms) = postSolution
		{1808D602-3D18-46E0-B943-1B7E8718791B}.Debug|Any CPU.ActiveCfg = Debug|Any CPU
		{1808D602-3D18-46E0-B943-1B7E8718791B}.Debug|Any CPU.Build.0 = Debug|Any CPU
		{1808D602-3D18-46E0-B943-1B7E8718791B}.Release|Any CPU.ActiveCfg = Release|Any CPU
		{1808D602-3D18-46E0-B943-1B7E8718791B}.Release|Any CPU.Build.0 = Release|Any CPU
	EndGlobalSection
	GlobalSection(SolutionProperties) = preSolution
		HideSolutionNode = FALSE
	EndGlobalSection
	GlobalSection(ExtensibilityGlobals) = postSolution
		SolutionGuid = {DEA50BB6-6793-46CD-B439-64E682B976E8}
	EndGlobalSection
EndGlobal
